PODS:
  - Alamofire (5.4.1)
  - Kingfisher (6.1.1)
  - lottie-ios (3.2.0)

DEPENDENCIES:
  - Alamofire
  - Kingfisher
  - lottie-ios

SPEC REPOS:
  trunk:
    - Alamofire
    - Kingfisher
    - lottie-ios

SPEC CHECKSUMS:
  Alamofire: 2291f7d21ca607c491dd17642e5d40fdcda0e65c
  Kingfisher: 676d63307fbef6ed5d5ed400bff36983480d7500
  lottie-ios: b6b911246246a90a1d25e7388afe6d9ef003d293

PODFILE CHECKSUM: 79997aa62fa159f4227622f21ac627e08bd7f16b

COCOAPODS: 1.10.1
